
Microsoft Visual Studio Solution File, Format Version 12.00
# Visual Studio Version 16
VisualStudioVersion = 16.0.30717.126
MinimumVisualStudioVersion = 10.0.40219.1
Project("{FAE04EC0-301F-11D3-BF4B-00C04F79EFBC}") = "Testmod", "Testmod\Testmod.csproj", "{EBE44344-D578-40E1-AE9C-6F7320415955}"
EndProject
Global
	GlobalSection(SolutionConfigurationPlatforms) = preSolution
		Debug|Any CPU = Debug|Any CPU
		Release|Any CPU = Release|Any CPU
	EndGlobalSection
	GlobalSection(ProjectConfigurationPlatforms) = postSolution
		{EBE44344-D578-40E1-AE9C-6F7320415955}.Debug|Any CPU.ActiveCfg = Debug|Any CPU
		{EBE44344-D578-40E1-AE9C-6F7320415955}.Debug|Any CPU.Build.0 = Debug|Any CPU
		{EBE44344-D578-40E1-AE9C-6F7320415955}.Release|Any CPU.ActiveCfg = Release|Any CPU
		{EBE44344-D578-40E1-AE9C-6F7320415955}.Release|Any CPU.Build.0 = Release|Any CPU
	EndGlobalSection
	GlobalSection(SolutionProperties) = preSolution
		HideSolutionNode = FALSE
	EndGlobalSection
	GlobalSection(ExtensibilityGlobals) = postSolution
		SolutionGuid = {263A3F4B-235E-4DD1-80D3-D96E8F08540E}
	EndGlobalSection
EndGlobal
