
Microsoft Visual Studio Solution File, Format Version 12.00
# Visual Studio Version 16
VisualStudioVersion = 16.0.30626.31
MinimumVisualStudioVersion = 10.0.40219.1
Project("{FAE04EC0-301F-11D3-BF4B-00C04F79EFBC}") = "SharpModding.Demo.Core", "SharpModding.Demo.Core\SharpModding.Demo.Core.csproj", "{B209CCA1-A114-40EE-A73C-4DB42B51B042}"
EndProject
Project("{FAE04EC0-301F-11D3-BF4B-00C04F79EFBC}") = "SharpModding.Demo.Client", "SharpModding.Demo.Client\SharpModding.Demo.Client.csproj", "{DBF34ACB-89D6-48A0-93E5-8B9343942895}"
EndProject
Global
	GlobalSection(SolutionConfigurationPlatforms) = preSolution
		Debug|Any CPU = Debug|Any CPU
		Release|Any CPU = Release|Any CPU
	EndGlobalSection
	GlobalSection(ProjectConfigurationPlatforms) = postSolution
		{B209CCA1-A114-40EE-A73C-4DB42B51B042}.Debug|Any CPU.ActiveCfg = Debug|Any CPU
		{B209CCA1-A114-40EE-A73C-4DB42B51B042}.Debug|Any CPU.Build.0 = Debug|Any CPU
		{B209CCA1-A114-40EE-A73C-4DB42B51B042}.Release|Any CPU.ActiveCfg = Release|Any CPU
		{B209CCA1-A114-40EE-A73C-4DB42B51B042}.Release|Any CPU.Build.0 = Release|Any CPU
		{DBF34ACB-89D6-48A0-93E5-8B9343942895}.Debug|Any CPU.ActiveCfg = Debug|Any CPU
		{DBF34ACB-89D6-48A0-93E5-8B9343942895}.Debug|Any CPU.Build.0 = Debug|Any CPU
		{DBF34ACB-89D6-48A0-93E5-8B9343942895}.Release|Any CPU.ActiveCfg = Release|Any CPU
		{DBF34ACB-89D6-48A0-93E5-8B9343942895}.Release|Any CPU.Build.0 = Release|Any CPU
	EndGlobalSection
	GlobalSection(SolutionProperties) = preSolution
		HideSolutionNode = FALSE
	EndGlobalSection
	GlobalSection(ExtensibilityGlobals) = postSolution
		SolutionGuid = {CC651B28-DE45-4BF8-AAC4-12904B3E9E14}
	EndGlobalSection
EndGlobal
